
Microsoft Visual Studio Solution File, Format Version 12.00
# Visual Studio 15
VisualStudioVersion = 15.0.27130.2010
MinimumVisualStudioVersion = 10.0.40219.1
Project("{F2A71F9B-5D33-465A-A702-920D77279786}") = "WebJobExample", "WebJobExample\WebJobExample.fsproj", "{5F9618B2-F2EC-498B-AB56-C34BB19F32D4}"
EndProject
Global
	GlobalSection(SolutionConfigurationPlatforms) = preSolution
		Debug|Any CPU = Debug|Any CPU
		Release|Any CPU = Release|Any CPU
	EndGlobalSection
	GlobalSection(ProjectConfigurationPlatforms) = postSolution
		{5F9618B2-F2EC-498B-AB56-C34BB19F32D4}.Debug|Any CPU.ActiveCfg = Debug|Any CPU
		{5F9618B2-F2EC-498B-AB56-C34BB19F32D4}.Debug|Any CPU.Build.0 = Debug|Any CPU
		{5F9618B2-F2EC-498B-AB56-C34BB19F32D4}.Release|Any CPU.ActiveCfg = Release|Any CPU
		{5F9618B2-F2EC-498B-AB56-C34BB19F32D4}.Release|Any CPU.Build.0 = Release|Any CPU
	EndGlobalSection
	GlobalSection(SolutionProperties) = preSolution
		HideSolutionNode = FALSE
	EndGlobalSection
	GlobalSection(ExtensibilityGlobals) = postSolution
		SolutionGuid = {ABE5C70B-7FF6-4C9A-80E6-958D966BC876}
	EndGlobalSection
EndGlobal
